{
  "name": "generic-source-testing",
  "version": "1.0.0",
  "lockfileVersion": 1,
  "requires": true,
  "dependencies": {
    "duplexer": {
      "version": "0.1.1",
      "resolved": "https://artifacts.netflix.com/api/npm/npm-netflix/duplexer/-/duplexer-0.1.1.tgz",
      "integrity": "sha1-rOb/gIwc5mtX0ev5eXessCM0z8E="
    },
    "event-stream": {
      "version": "3.3.4",
      "resolved": "https://artifacts.netflix.com/api/npm/npm-netflix/event-stream/-/event-stream-3.3.4.tgz",
      "integrity": "sha1-SrTJoPWlTbkzi0w02Gv86PSzVXE=",
      "requires": {
        "duplexer": "0.1.1",
        "from": "0.1.7",
        "map-stream": "0.1.0",
        "pause-stream": "0.0.11",
        "split": "0.3.3",
        "stream-combiner": "0.0.4",
        "through": "2.3.8"
      }
    },
    "from": {
      "version": "0.1.7",
      "resolved": "https://artifacts.netflix.com/api/npm/npm-netflix/from/-/from-0.1.7.tgz",
      "integrity": "sha1-g8YK/Fi5xWmXAH7Rp2izqzA6RP4="
    },
    "keypress": {
      "version": "0.2.1",
      "resolved": "https://artifacts.netflix.com/api/npm/npm-netflix/keypress/-/keypress-0.2.1.tgz",
      "integrity": "sha1-HoBFQlABjbrUw/6USX1uZ7YmnHc="
    },
    "lodash": {
      "version": "4.17.4",
      "resolved": "https://artifacts.netflix.com/api/npm/npm-netflix/lodash/-/lodash-4.17.4.tgz",
      "integrity": "sha1-eCA6TRwyiuHYbcpkYONptX9AVa4="
    },
    "map-stream": {
      "version": "0.1.0",
      "resolved": "https://artifacts.netflix.com/api/npm/npm-netflix/map-stream/-/map-stream-0.1.0.tgz",
      "integrity": "sha1-5WqpTEyAVaFkBKBnS3jyFffI4ZQ="
    },
    "minimist": {
      "version": "1.2.0",
      "resolved": "https://artifacts.netflix.com/api/npm/npm-netflix/minimist/-/minimist-1.2.0.tgz",
      "integrity": "sha1-o1AIsg9BOD7sH7kU9M1d95omQoQ="
    },
    "pause-stream": {
      "version": "0.0.11",
      "resolved": "https://artifacts.netflix.com/api/npm/npm-netflix/pause-stream/-/pause-stream-0.0.11.tgz",
      "integrity": "sha1-/lo0sMvOErWqaitAPuLnO2AvFEU=",
      "requires": {
        "through": "2.3.8"
      }
    },
    "ps-tree": {
      "version": "1.1.0",
      "resolved": "https://artifacts.netflix.com/api/npm/npm-netflix/ps-tree/-/ps-tree-1.1.0.tgz",
      "integrity": "sha1-tCGyQUDWID8e08dplrRCewjowBQ=",
      "requires": {
        "event-stream": "3.3.4"
      }
    },
    "split": {
      "version": "0.3.3",
      "resolved": "https://artifacts.netflix.com/api/npm/npm-netflix/split/-/split-0.3.3.tgz",
      "integrity": "sha1-zQ7qXmOiEd//frDwkcQTPi0N0o8=",
      "requires": {
        "through": "2.3.8"
      }
    },
    "stream-combiner": {
      "version": "0.0.4",
      "resolved": "https://artifacts.netflix.com/api/npm/npm-netflix/stream-combiner/-/stream-combiner-0.0.4.tgz",
      "integrity": "sha1-TV5DPBhSYd3mI8o/RMWGvPXErRQ=",
      "requires": {
        "duplexer": "0.1.1"
      }
    },
    "terminate": {
      "version": "2.1.0",
      "resolved": "https://artifacts.netflix.com/api/npm/npm-netflix/terminate/-/terminate-2.1.0.tgz",
      "integrity": "sha1-qH7kJL4BodKPLzAQRQQ6W81nmgU=",
      "requires": {
        "ps-tree": "1.1.0"
      }
    },
    "through": {
      "version": "2.3.8",
      "resolved": "https://artifacts.netflix.com/api/npm/npm-netflix/through/-/through-2.3.8.tgz",
      "integrity": "sha1-DdTJ/6q8NXlgsbckEV1+Doai4fU="
    }
  }
}
