{
  "name": "wc-netflix-cta",
  "version": "1.0.0",
  "lockfileVersion": 1,
  "requires": true,
  "dependencies": {
    "@netflixadseng/pk-component-assets": {
      "version": "1.0.6",
      "resolved": "https://registry.npmjs.org/@netflixadseng/pk-component-assets/-/pk-component-assets-1.0.6.tgz",
      "integrity": "sha512-wd/iM1qbOGFR/1xO4kTMPWIqyXEShW7rY+QL+OUszY7nF/UMV3VpY6xoUB8eAzhV1y15Ib8CY0VdMxxICIz8jg=="
    },
    "@netflixadseng/pk-component-utils": {
      "version": "1.1.6",
      "resolved": "https://registry.npmjs.org/@netflixadseng/pk-component-utils/-/pk-component-utils-1.1.6.tgz",
      "integrity": "sha512-pvMHGjcRLzZndQNJ++yDLGmsGWF8gxsybgk1160kQgb1/TIoiNaXhh+a5q+4awBGYyq3c3T6h6S8P6tABeK0Gw=="
    }
  }
}
